<?xml version="1.0" encoding="utf-8"?>
<Project ToolsVersion="4.0" xmlns="http://schemas.microsoft.com/developer/msbuild/2003">
  <ItemGroup>
    <Filter Include="core">
      <UniqueIdentifier>{4E40957C-3A77-960D-E363-7C10CF79120F}</UniqueIdentifier>
    </Filter>
    <Filter Include="events">
      <UniqueIdentifier>{5A9D08FC-463F-33D2-2FFA-46261B3BBA22}</UniqueIdentifier>
    </Filter>
    <Filter Include="graphics">
      <UniqueIdentifier>{36EF08BC-22BC-63C7-4BD5-516F37019955}</UniqueIdentifier>
    </Filter>
    <Filter Include="platform">
      <UniqueIdentifier>{4A63C33C-3630-1E48-5F49-0CF04B7553D6}</UniqueIdentifier>
    </Filter>
    <Filter Include="platform\OpenGL">
      <UniqueIdentifier>{3E351A86-AAC0-874A-B3D1-0A3F1FDCE34A}</UniqueIdentifier>
    </Filter>
    <Filter Include="platform\windows">
      <UniqueIdentifier>{A44FC440-9048-E392-B97A-C817A5D2C29E}</UniqueIdentifier>
    </Filter>
    <Filter Include="window">
      <UniqueIdentifier>{5DFE1E25-49A0-49FB-325B-5D4F1E9CD04B}</UniqueIdentifier>
    </Filter>
  </ItemGroup>
  <ItemGroup>
    <ClInclude Include="src\artpch.h" />
    <ClInclude Include="src\core\Aliases.h">
      <Filter>core</Filter>
    </ClInclude>
    <ClInclude Include="src\core\Application.h">
      <Filter>core</Filter>
    </ClInclude>
    <ClInclude Include="src\core\Asserts.h">
      <Filter>core</Filter>
    </ClInclude>
    <ClInclude Include="src\core\Base.h">
      <Filter>core</Filter>
    </ClInclude>
    <ClInclude Include="src\core\Config.h">
      <Filter>core</Filter>
    </ClInclude>
    <ClInclude Include="src\core\Log.h">
      <Filter>core</Filter>
    </ClInclude>
    <ClInclude Include="src\core\Macro.h">
      <Filter>core</Filter>
    </ClInclude>
    <ClInclude Include="src\events\Event.h">
      <Filter>events</Filter>
    </ClInclude>
    <ClInclude Include="src\events\KeyEvent.h">
      <Filter>events</Filter>
    </ClInclude>
    <ClInclude Include="src\events\MouseEvent.h">
      <Filter>events</Filter>
    </ClInclude>
    <ClInclude Include="src\events\WindowEvent.h">
      <Filter>events</Filter>
    </ClInclude>
    <ClInclude Include="src\graphics\BufferElement.h">
      <Filter>graphics</Filter>
    </ClInclude>
    <ClInclude Include="src\graphics\BufferLayout.h">
      <Filter>graphics</Filter>
    </ClInclude>
    <ClInclude Include="src\graphics\GraphicsContext.h">
      <Filter>graphics</Filter>
    </ClInclude>
    <ClInclude Include="src\graphics\IndexBuffer.h">
      <Filter>graphics</Filter>
    </ClInclude>
    <ClInclude Include="src\graphics\RenderWindow.h">
      <Filter>graphics</Filter>
    </ClInclude>
    <ClInclude Include="src\graphics\Renderer.h">
      <Filter>graphics</Filter>
    </ClInclude>
    <ClInclude Include="src\graphics\RendererAPI.h">
      <Filter>graphics</Filter>
    </ClInclude>
    <ClInclude Include="src\graphics\VertexArray.h">
      <Filter>graphics</Filter>
    </ClInclude>
    <ClInclude Include="src\graphics\VertexBuffer.h">
      <Filter>graphics</Filter>
    </ClInclude>
    <ClInclude Include="src\platform\GraphicsContextImpl.h">
      <Filter>platform</Filter>
    </ClInclude>
    <ClInclude Include="src\platform\OpenGL\GLAD_Initializer.h">
      <Filter>platform\OpenGL</Filter>
    </ClInclude>
    <ClInclude Include="src\platform\OpenGL\OpenGLRendererAPI.h">
      <Filter>platform\OpenGL</Filter>
    </ClInclude>
    <ClInclude Include="src\platform\OpenGL\OpenGLVertexArray.h">
      <Filter>platform\OpenGL</Filter>
    </ClInclude>
    <ClInclude Include="src\platform\SystemContextHandle.h">
      <Filter>platform</Filter>
    </ClInclude>
    <ClInclude Include="src\platform\SystemWindowHandle.h">
      <Filter>platform</Filter>
    </ClInclude>
    <ClInclude Include="src\platform\WindowImpl.h">
      <Filter>platform</Filter>
    </ClInclude>
    <ClInclude Include="src\platform\windows\WindowsGraphicsContextImpl.h">
      <Filter>platform\windows</Filter>
    </ClInclude>
    <ClInclude Include="src\platform\windows\WindowsWindowImpl.h">
      <Filter>platform\windows</Filter>
    </ClInclude>
    <ClInclude Include="src\platform\windows\Windows_GLAD_Initializer.h">
      <Filter>platform\windows</Filter>
    </ClInclude>
    <ClInclude Include="src\window\Window.h">
      <Filter>window</Filter>
    </ClInclude>
  </ItemGroup>
  <ItemGroup>
    <ClCompile Include="src\artpch.cpp" />
    <ClCompile Include="src\core\Application.cpp">
      <Filter>core</Filter>
    </ClCompile>
    <ClCompile Include="src\core\Log.cpp">
      <Filter>core</Filter>
    </ClCompile>
    <ClCompile Include="src\graphics\GraphicsContext.cpp">
      <Filter>graphics</Filter>
    </ClCompile>
    <ClCompile Include="src\graphics\RenderWindow.cpp">
      <Filter>graphics</Filter>
    </ClCompile>
    <ClCompile Include="src\graphics\Renderer.cpp">
      <Filter>graphics</Filter>
    </ClCompile>
    <ClCompile Include="src\graphics\RendererAPI.cpp">
      <Filter>graphics</Filter>
    </ClCompile>
    <ClCompile Include="src\graphics\VertexArray.cpp">
      <Filter>graphics</Filter>
    </ClCompile>
    <ClCompile Include="src\platform\GraphicsContextImpl.cpp">
      <Filter>platform</Filter>
    </ClCompile>
    <ClCompile Include="src\platform\OpenGL\GLAD_Initializer.cpp">
      <Filter>platform\OpenGL</Filter>
    </ClCompile>
    <ClCompile Include="src\platform\OpenGL\OpenGLRendererAPI.cpp">
      <Filter>platform\OpenGL</Filter>
    </ClCompile>
    <ClCompile Include="src\platform\OpenGL\OpenGLVertexArray.cpp">
      <Filter>platform\OpenGL</Filter>
    </ClCompile>
    <ClCompile Include="src\platform\WindowImpl.cpp">
      <Filter>platform</Filter>
    </ClCompile>
    <ClCompile Include="src\platform\windows\WindowsGraphicsContextImpl.cpp">
      <Filter>platform\windows</Filter>
    </ClCompile>
    <ClCompile Include="src\platform\windows\WindowsWindowImpl.cpp">
      <Filter>platform\windows</Filter>
    </ClCompile>
    <ClCompile Include="src\platform\windows\Windows_GLAD_Initializer.cpp">
      <Filter>platform\windows</Filter>
    </ClCompile>
    <ClCompile Include="src\window\Window.cpp">
      <Filter>window</Filter>
    </ClCompile>
  </ItemGroup>
</Project>